// !$*UTF8*$!
{
	archiveVersion = 1;
	classes = {
	};
	objectVersion = 46;
	objects = {

/* Begin PBXBuildFile section */
		84D4331119C89109003287ED /* AppDelegate.swift in Sources */ = {isa = PBXBuildFile; fileRef = 84D4331019C89109003287ED /* AppDelegate.swift */; };
		84D4331319C89109003287ED /* ViewController.swift in Sources */ = {isa = PBXBuildFile; fileRef = 84D4331219C89109003287ED /* ViewController.swift */; };
		84D4331619C89109003287ED /* Main.storyboard in Resources */ = {isa = PBXBuildFile; fileRef = 84D4331419C89109003287ED /* Main.storyboard */; };
		84D4331819C89109003287ED /* Images.xcassets in Resources */ = {isa = PBXBuildFile; fileRef = 84D4331719C89109003287ED /* Images.xcassets */; };
		84D4331B19C89109003287ED /* LaunchScreen.xib in Resources */ = {isa = PBXBuildFile; fileRef = 84D4331919C89109003287ED /* LaunchScreen.xib */; };
		84D4332719C89109003287ED /* ShoeConverterTests.swift in Sources */ = {isa = PBXBuildFile; fileRef = 84D4332619C89109003287ED /* ShoeConverterTests.swift */; };
/* End PBXBuildFile section */

/* Begin PBXContainerItemProxy section */
		84D4332119C89109003287ED /* PBXContainerItemProxy */ = {
			isa = PBXContainerItemProxy;
			containerPortal = 84D4330319C89109003287ED /* Project object */;
			proxyType = 1;
			remoteGlobalIDString = 84D4330A19C89109003287ED;
			remoteInfo = ShoeConverter;
		};
/* End PBXContainerItemProxy section */

/* Begin PBXFileReference section */
		84D4330B19C89109003287ED /* ShoeConverter.app */ = {isa = PBXFileReference; explicitFileType = wrapper.application; includeInIndex = 0; path = ShoeConverter.app; sourceTree = BUILT_PRODUCTS_DIR; };
		84D4330F19C89109003287ED /* Info.plist */ = {isa = PBXFileReference; lastKnownFileType = text.plist.xml; path = Info.plist; sourceTree = "<group>"; };
		84D4331019C89109003287ED /* AppDelegate.swift */ = {isa = PBXFileReference; lastKnownFileType = sourcecode.swift; path = AppDelegate.swift; sourceTree = "<group>"; };
		84D4331219C89109003287ED /* ViewController.swift */ = {isa = PBXFileReference; lastKnownFileType = sourcecode.swift; path = ViewController.swift; sourceTree = "<group>"; };
		84D4331519C89109003287ED /* Base */ = {isa = PBXFileReference; lastKnownFileType = file.storyboard; name = Base; path = Base.lproj/Main.storyboard; sourceTree = "<group>"; };
		84D4331719C89109003287ED /* Images.xcassets */ = {isa = PBXFileReference; lastKnownFileType = folder.assetcatalog; path = Images.xcassets; sourceTree = "<group>"; };
		84D4331A19C89109003287ED /* Base */ = {isa = PBXFileReference; lastKnownFileType = file.xib; name = Base; path = Base.lproj/LaunchScreen.xib; sourceTree = "<group>"; };
		84D4332019C89109003287ED /* ShoeConverterTests.xctest */ = {isa = PBXFileReference; explicitFileType = wrapper.cfbundle; includeInIndex = 0; path = ShoeConverterTests.xctest; sourceTree = BUILT_PRODUCTS_DIR; };
		84D4332519C89109003287ED /* Info.plist */ = {isa = PBXFileReference; lastKnownFileType = text.plist.xml; path = Info.plist; sourceTree = "<group>"; };
		84D4332619C89109003287ED /* ShoeConverterTests.swift */ = {isa = PBXFileReference; lastKnownFileType = sourcecode.swift; path = ShoeConverterTests.swift; sourceTree = "<group>"; };
/* End PBXFileReference section */

/* Begin PBXFrameworksBuildPhase section */
		84D4330819C89109003287ED /* Frameworks */ = {
			isa = PBXFrameworksBuildPhase;
			buildActionMask = 2147483647;
			files = (
			);
			runOnlyForDeploymentPostprocessing = 0;
		};
		84D4331D19C89109003287ED /* Frameworks */ = {
			isa = PBXFrameworksBuildPhase;
			buildActionMask = 2147483647;
			files = (
			);
			runOnlyForDeploymentPostprocessing = 0;
		};
/* End PBXFrameworksBuildPhase section */

/* Begin PBXGroup section */
		84D4330219C89109003287ED = {
			isa = PBXGroup;
			children = (
				84D4330D19C89109003287ED /* ShoeConverter */,
				84D4332319C89109003287ED /* ShoeConverterTests */,
				84D4330C19C89109003287ED /* Products */,
			);
			sourceTree = "<group>";
		};
		84D4330C19C89109003287ED /* Products */ = {
			isa = PBXGroup;
			children = (
				84D4330B19C89109003287ED /* ShoeConverter.app */,
				84D4332019C89109003287ED /* ShoeConverterTests.xctest */,
			);
			name = Products;
			sourceTree = "<group>";
		};
		84D4330D19C89109003287ED /* ShoeConverter */ = {
			isa = PBXGroup;
			children = (
				84D4331019C89109003287ED /* AppDelegate.swift */,
				84D4331219C89109003287ED /* ViewController.swift */,
				84D4331419C89109003287ED /* Main.storyboard */,
				84D4331719C89109003287ED /* Images.xcassets */,
				84D4331919C89109003287ED /* LaunchScreen.xib */,
				84D4330E19C89109003287ED /* Supporting Files */,
			);
			path = ShoeConverter;
			sourceTree = "<group>";
		};
		84D4330E19C89109003287ED /* Supporting Files */ = {
			isa = PBXGroup;
			children = (
				84D4330F19C89109003287ED /* Info.plist */,
			);
			name = "Supporting Files";
			sourceTree = "<group>";
		};
		84D4332319C89109003287ED /* ShoeConverterTests */ = {
			isa = PBXGroup;
			children = (
				84D4332619C89109003287ED /* ShoeConverterTests.swift */,
				84D4332419C89109003287ED /* Supporting Files */,
			);
			path = ShoeConverterTests;
			sourceTree = "<group>";
		};
		84D4332419C89109003287ED /* Supporting Files */ = {
			isa = PBXGroup;
			children = (
				84D4332519C89109003287ED /* Info.plist */,
			);
			name = "Supporting Files";
			sourceTree = "<group>";
		};
/* End PBXGroup section */

/* Begin PBXNativeTarget section */
		84D4330A19C89109003287ED /* ShoeConverter */ = {
			isa = PBXNativeTarget;
			buildConfigurationList = 84D4332A19C89109003287ED /* Build configuration list for PBXNativeTarget "ShoeConverter" */;
			buildPhases = (
				84D4330719C89109003287ED /* Sources */,
				84D4330819C89109003287ED /* Frameworks */,
				84D4330919C89109003287ED /* Resources */,
			);
			buildRules = (
			);
			dependencies = (
			);
			name = ShoeConverter;
			productName = ShoeConverter;
			productReference = 84D4330B19C89109003287ED /* ShoeConverter.app */;
			productType = "com.apple.product-type.application";
		};
		84D4331F19C89109003287ED /* ShoeConverterTests */ = {
			isa = PBXNativeTarget;
			buildConfigurationList = 84D4332D19C89109003287ED /* Build configuration list for PBXNativeTarget "ShoeConverterTests" */;
			buildPhases = (
				84D4331C19C89109003287ED /* Sources */,
				84D4331D19C89109003287ED /* Frameworks */,
				84D4331E19C89109003287ED /* Resources */,
			);
			buildRules = (
			);
			dependencies = (
				84D4332219C89109003287ED /* PBXTargetDependency */,
			);
			name = ShoeConverterTests;
			productName = ShoeConverterTests;
			productReference = 84D4332019C89109003287ED /* ShoeConverterTests.xctest */;
			productType = "com.apple.product-type.bundle.unit-test";
		};
/* End PBXNativeTarget section */

/* Begin PBXProject section */
		84D4330319C89109003287ED /* Project object */ = {
			isa = PBXProject;
			attributes = {
				LastUpgradeCheck = 0600;
				ORGANIZATIONNAME = KTKTC;
				TargetAttributes = {
					84D4330A19C89109003287ED = {
						CreatedOnToolsVersion = 6.0;
					};
					84D4331F19C89109003287ED = {
						CreatedOnToolsVersion = 6.0;
						TestTargetID = 84D4330A19C89109003287ED;
					};
				};
			};
			buildConfigurationList = 84D4330619C89109003287ED /* Build configuration list for PBXProject "ShoeConverter" */;
			compatibilityVersion = "Xcode 3.2";
			developmentRegion = English;
			hasScannedForEncodings = 0;
			knownRegions = (
				en,
				Base,
			);
			mainGroup = 84D4330219C89109003287ED;
			productRefGroup = 84D4330C19C89109003287ED /* Products */;
			projectDirPath = "";
			projectRoot = "";
			targets = (
				84D4330A19C89109003287ED /* ShoeConverter */,
				84D4331F19C89109003287ED /* ShoeConverterTests */,
			);
		};
/* End PBXProject section */

/* Begin PBXResourcesBuildPhase section */
		84D4330919C89109003287ED /* Resources */ = {
			isa = PBXResourcesBuildPhase;
			buildActionMask = 2147483647;
			files = (
				84D4331619C89109003287ED /* Main.storyboard in Resources */,
				84D4331B19C89109003287ED /* LaunchScreen.xib in Resources */,
				84D4331819C89109003287ED /* Images.xcassets in Resources */,
			);
			runOnlyForDeploymentPostprocessing = 0;
		};
		84D4331E19C89109003287ED /* Resources */ = {
			isa = PBXResourcesBuildPhase;
			buildActionMask = 2147483647;
			files = (
			);
			runOnlyForDeploymentPostprocessing = 0;
		};
/* End PBXResourcesBuildPhase section */

/* Begin PBXSourcesBuildPhase section */
		84D4330719C89109003287ED /* Sources */ = {
			isa = PBXSourcesBuildPhase;
			buildActionMask = 2147483647;
			files = (
				84D4331319C89109003287ED /* ViewController.swift in Sources */,
				84D4331119C89109003287ED /* AppDelegate.swift in Sources */,
			);
			runOnlyForDeploymentPostprocessing = 0;
		};
		84D4331C19C89109003287ED /* Sources */ = {
			isa = PBXSourcesBuildPhase;
			buildActionMask = 2147483647;
			files = (
				84D4332719C89109003287ED /* ShoeConverterTests.swift in Sources */,
			);
			runOnlyForDeploymentPostprocessing = 0;
		};
/* End PBXSourcesBuildPhase section */

/* Begin PBXTargetDependency section */
		84D4332219C89109003287ED /* PBXTargetDependency */ = {
			isa = PBXTargetDependency;
			target = 84D4330A19C89109003287ED /* ShoeConverter */;
			targetProxy = 84D4332119C89109003287ED /* PBXContainerItemProxy */;
		};
/* End PBXTargetDependency section */

/* Begin PBXVariantGroup section */
		84D4331419C89109003287ED /* Main.storyboard */ = {
			isa = PBXVariantGroup;
			children = (
				84D4331519C89109003287ED /* Base */,
			);
			name = Main.storyboard;
			sourceTree = "<group>";
		};
		84D4331919C89109003287ED /* LaunchScreen.xib */ = {
			isa = PBXVariantGroup;
			children = (
				84D4331A19C89109003287ED /* Base */,
			);
			name = LaunchScreen.xib;
			sourceTree = "<group>";
		};
/* End PBXVariantGroup section */

/* Begin XCBuildConfiguration section */
		84D4332819C89109003287ED /* Debug */ = {
			isa = XCBuildConfiguration;
			buildSettings = {
				ALWAYS_SEARCH_USER_PATHS = NO;
				CLANG_CXX_LANGUAGE_STANDARD = "gnu++0x";
				CLANG_CXX_LIBRARY = "libc++";
				CLANG_ENABLE_MODULES = YES;
				CLANG_ENABLE_OBJC_ARC = YES;
				CLANG_WARN_BOOL_CONVERSION = YES;
				CLANG_WARN_CONSTANT_CONVERSION = YES;
				CLANG_WARN_DIRECT_OBJC_ISA_USAGE = YES_ERROR;
				CLANG_WARN_EMPTY_BODY = YES;
				CLANG_WARN_ENUM_CONVERSION = YES;
				CLANG_WARN_INT_CONVERSION = YES;
				CLANG_WARN_OBJC_ROOT_CLASS = YES_ERROR;
				CLANG_WARN_UNREACHABLE_CODE = YES;
				CLANG_WARN__DUPLICATE_METHOD_MATCH = YES;
				"CODE_SIGN_IDENTITY[sdk=iphoneos*]" = "iPhone Developer";
				COPY_PHASE_STRIP = NO;
				ENABLE_STRICT_OBJC_MSGSEND = YES;
				GCC_C_LANGUAGE_STANDARD = gnu99;
				GCC_DYNAMIC_NO_PIC = NO;
				GCC_OPTIMIZATION_LEVEL = 0;
				GCC_PREPROCESSOR_DEFINITIONS = (
					"DEBUG=1",
					"$(inherited)",
				);
				GCC_SYMBOLS_PRIVATE_EXTERN = NO;
				GCC_WARN_64_TO_32_BIT_CONVERSION = YES;
				GCC_WARN_ABOUT_RETURN_TYPE = YES_ERROR;
				GCC_WARN_UNDECLARED_SELECTOR = YES;
				GCC_WARN_UNINITIALIZED_AUTOS = YES_AGGRESSIVE;
				GCC_WARN_UNUSED_FUNCTION = YES;
				GCC_WARN_UNUSED_VARIABLE = YES;
				IPHONEOS_DEPLOYMENT_TARGET = 8.0;
				MTL_ENABLE_DEBUG_INFO = YES;
				ONLY_ACTIVE_ARCH = YES;
				SDKROOT = iphoneos;
				SWIFT_OPTIMIZATION_LEVEL = "-Onone";
			};
			name = Debug;
		};
		84D4332919C89109003287ED /* Release */ = {
			isa = XCBuildConfiguration;
			buildSettings = {
				ALWAYS_SEARCH_USER_PATHS = NO;
				CLANG_CXX_LANGUAGE_STANDARD = "gnu++0x";
				CLANG_CXX_LIBRARY = "libc++";
				CLANG_ENABLE_MODULES = YES;
				CLANG_ENABLE_OBJC_ARC = YES;
				CLANG_WARN_BOOL_CONVERSION = YES;
				CLANG_WARN_CONSTANT_CONVERSION = YES;
				CLANG_WARN_DIRECT_OBJC_ISA_USAGE = YES_ERROR;
				CLANG_WARN_EMPTY_BODY = YES;
				CLANG_WARN_ENUM_CONVERSION = YES;
				CLANG_WARN_INT_CONVERSION = YES;
				CLANG_WARN_OBJC_ROOT_CLASS = YES_ERROR;
				CLANG_WARN_UNREACHABLE_CODE = YES;
				CLANG_WARN__DUPLICATE_METHOD_MATCH = YES;
				"CODE_SIGN_IDENTITY[sdk=iphoneos*]" = "iPhone Developer";
				COPY_PHASE_STRIP = YES;
				ENABLE_NS_ASSERTIONS = NO;
				ENABLE_STRICT_OBJC_MSGSEND = YES;
				GCC_C_LANGUAGE_STANDARD = gnu99;
				GCC_WARN_64_TO_32_BIT_CONVERSION = YES;
				GCC_WARN_ABOUT_RETURN_TYPE = YES_ERROR;
				GCC_WARN_UNDECLARED_SELECTOR = YES;
				GCC_WARN_UNINITIALIZED_AUTOS = YES_AGGRESSIVE;
				GCC_WARN_UNUSED_FUNCTION = YES;
				GCC_WARN_UNUSED_VARIABLE = YES;
				IPHONEOS_DEPLOYMENT_TARGET = 8.0;
				MTL_ENABLE_DEBUG_INFO = NO;
				SDKROOT = iphoneos;
				VALIDATE_PRODUCT = YES;
			};
			name = Release;
		};
		84D4332B19C89109003287ED /* Debug */ = {
			isa = XCBuildConfiguration;
			buildSettings = {
				ASSETCATALOG_COMPILER_APPICON_NAME = AppIcon;
				INFOPLIST_FILE = ShoeConverter/Info.plist;
				LD_RUNPATH_SEARCH_PATHS = "$(inherited) @executable_path/Frameworks";
				PRODUCT_NAME = "$(TARGET_NAME)";
			};
			name = Debug;
		};
		84D4332C19C89109003287ED /* Release */ = {
			isa = XCBuildConfiguration;
			buildSettings = {
				ASSETCATALOG_COMPILER_APPICON_NAME = AppIcon;
				INFOPLIST_FILE = ShoeConverter/Info.plist;
				LD_RUNPATH_SEARCH_PATHS = "$(inherited) @executable_path/Frameworks";
				PRODUCT_NAME = "$(TARGET_NAME)";
			};
			name = Release;
		};
		84D4332E19C89109003287ED /* Debug */ = {
			isa = XCBuildConfiguration;
			buildSettings = {
				BUNDLE_LOADER = "$(TEST_HOST)";
				FRAMEWORK_SEARCH_PATHS = (
					"$(SDKROOT)/Developer/Library/Frameworks",
					"$(inherited)",
				);
				GCC_PREPROCESSOR_DEFINITIONS = (
					"DEBUG=1",
					"$(inherited)",
				);
				INFOPLIST_FILE = ShoeConverterTests/Info.plist;
				LD_RUNPATH_SEARCH_PATHS = "$(inherited) @executable_path/Frameworks @loader_path/Frameworks";
				PRODUCT_NAME = "$(TARGET_NAME)";
				TEST_HOST = "$(BUILT_PRODUCTS_DIR)/ShoeConverter.app/ShoeConverter";
			};
			name = Debug;
		};
		84D4332F19C89109003287ED /* Release */ = {
			isa = XCBuildConfiguration;
			buildSettings = {
				BUNDLE_LOADER = "$(TEST_HOST)";
				FRAMEWORK_SEARCH_PATHS = (
					"$(SDKROOT)/Developer/Library/Frameworks",
					"$(inherited)",
				);
				INFOPLIST_FILE = ShoeConverterTests/Info.plist;
				LD_RUNPATH_SEARCH_PATHS = "$(inherited) @executable_path/Frameworks @loader_path/Frameworks";
				PRODUCT_NAME = "$(TARGET_NAME)";
				TEST_HOST = "$(BUILT_PRODUCTS_DIR)/ShoeConverter.app/ShoeConverter";
			};
			name = Release;
		};
/* End XCBuildConfiguration section */

/* Begin XCConfigurationList section */
		84D4330619C89109003287ED /* Build configuration list for PBXProject "ShoeConverter" */ = {
			isa = XCConfigurationList;
			buildConfigurations = (
				84D4332819C89109003287ED /* Debug */,
				84D4332919C89109003287ED /* Release */,
			);
			defaultConfigurationIsVisible = 0;
			defaultConfigurationName = Release;
		};
		84D4332A19C89109003287ED /* Build configuration list for PBXNativeTarget "ShoeConverter" */ = {
			isa = XCConfigurationList;
			buildConfigurations = (
				84D4332B19C89109003287ED /* Debug */,
				84D4332C19C89109003287ED /* Release */,
			);
			defaultConfigurationIsVisible = 0;
			defaultConfigurationName = Release;
		};
		84D4332D19C89109003287ED /* Build configuration list for PBXNativeTarget "ShoeConverterTests" */ = {
			isa = XCConfigurationList;
			buildConfigurations = (
				84D4332E19C89109003287ED /* Debug */,
				84D4332F19C89109003287ED /* Release */,
			);
			defaultConfigurationIsVisible = 0;
			defaultConfigurationName = Release;
		};
/* End XCConfigurationList section */
	};
	rootObject = 84D4330319C89109003287ED /* Project object */;
}
